
Microsoft Visual Studio Solution File, Format Version 12.00
# Visual Studio Version 17
VisualStudioVersion = 17.14.36310.24 d17.14
MinimumVisualStudioVersion = 10.0.40219.1
Project("{FAE04EC0-301F-11D3-BF4B-00C04F79EFBC}") = "BlazorWebAppMovies", "BlazorWebAppMovies.csproj", "{0BD3EC17-A9FF-4886-8B63-2573071E9191}"
EndProject
Global
	GlobalSection(SolutionConfigurationPlatforms) = preSolution
		Debug|Any CPU = Debug|Any CPU
		Release|Any CPU = Release|Any CPU
	EndGlobalSection
	GlobalSection(ProjectConfigurationPlatforms) = postSolution
		{0BD3EC17-A9FF-4886-8B63-2573071E9191}.Debug|Any CPU.ActiveCfg = Debug|Any CPU
		{0BD3EC17-A9FF-4886-8B63-2573071E9191}.Debug|Any CPU.Build.0 = Debug|Any CPU
		{0BD3EC17-A9FF-4886-8B63-2573071E9191}.Release|Any CPU.ActiveCfg = Release|Any CPU
		{0BD3EC17-A9FF-4886-8B63-2573071E9191}.Release|Any CPU.Build.0 = Release|Any CPU
	EndGlobalSection
	GlobalSection(SolutionProperties) = preSolution
		HideSolutionNode = FALSE
	EndGlobalSection
	GlobalSection(ExtensibilityGlobals) = postSolution
		SolutionGuid = {639A7405-B4DA-4983-A041-173CB746C8C2}
	EndGlobalSection
EndGlobal
